
Microsoft Visual Studio Solution File, Format Version 12.00
# Visual Studio Version 17
VisualStudioVersion = 17.5.33627.172
MinimumVisualStudioVersion = 10.0.40219.1
Project("{FAE04EC0-301F-11D3-BF4B-00C04F79EFBC}") = "AgriculturePresentation", "AgriculturePresentation\AgriculturePresentation.csproj", "{32BD1BE6-A4E8-46CB-8EF8-A3C44C96BFDF}"
EndProject
Project("{FAE04EC0-301F-11D3-BF4B-00C04F79EFBC}") = "EntityLayer", "EntityLayer\EntityLayer.csproj", "{A5279591-6F08-4162-88E5-90247A63CEBF}"
EndProject
Project("{FAE04EC0-301F-11D3-BF4B-00C04F79EFBC}") = "DataAccessLayer", "DataAccessLayer\DataAccessLayer.csproj", "{3706A1E4-02A1-42A1-BFB5-BEAA2312DDF6}"
EndProject
Project("{FAE04EC0-301F-11D3-BF4B-00C04F79EFBC}") = "BusinessLayer", "BusinessLayer\BusinessLayer.csproj", "{0F5E43F8-6407-4E92-8B28-A7A2754CD8AA}"
EndProject
Global
	GlobalSection(SolutionConfigurationPlatforms) = preSolution
		Debug|Any CPU = Debug|Any CPU
		Release|Any CPU = Release|Any CPU
	EndGlobalSection
	GlobalSection(ProjectConfigurationPlatforms) = postSolution
		{32BD1BE6-A4E8-46CB-8EF8-A3C44C96BFDF}.Debug|Any CPU.ActiveCfg = Debug|Any CPU
		{32BD1BE6-A4E8-46CB-8EF8-A3C44C96BFDF}.Debug|Any CPU.Build.0 = Debug|Any CPU
		{32BD1BE6-A4E8-46CB-8EF8-A3C44C96BFDF}.Release|Any CPU.ActiveCfg = Release|Any CPU
		{32BD1BE6-A4E8-46CB-8EF8-A3C44C96BFDF}.Release|Any CPU.Build.0 = Release|Any CPU
		{A5279591-6F08-4162-88E5-90247A63CEBF}.Debug|Any CPU.ActiveCfg = Debug|Any CPU
		{A5279591-6F08-4162-88E5-90247A63CEBF}.Debug|Any CPU.Build.0 = Debug|Any CPU
		{A5279591-6F08-4162-88E5-90247A63CEBF}.Release|Any CPU.ActiveCfg = Release|Any CPU
		{A5279591-6F08-4162-88E5-90247A63CEBF}.Release|Any CPU.Build.0 = Release|Any CPU
		{3706A1E4-02A1-42A1-BFB5-BEAA2312DDF6}.Debug|Any CPU.ActiveCfg = Debug|Any CPU
		{3706A1E4-02A1-42A1-BFB5-BEAA2312DDF6}.Debug|Any CPU.Build.0 = Debug|Any CPU
		{3706A1E4-02A1-42A1-BFB5-BEAA2312DDF6}.Release|Any CPU.ActiveCfg = Release|Any CPU
		{3706A1E4-02A1-42A1-BFB5-BEAA2312DDF6}.Release|Any CPU.Build.0 = Release|Any CPU
		{0F5E43F8-6407-4E92-8B28-A7A2754CD8AA}.Debug|Any CPU.ActiveCfg = Debug|Any CPU
		{0F5E43F8-6407-4E92-8B28-A7A2754CD8AA}.Debug|Any CPU.Build.0 = Debug|Any CPU
		{0F5E43F8-6407-4E92-8B28-A7A2754CD8AA}.Release|Any CPU.ActiveCfg = Release|Any CPU
		{0F5E43F8-6407-4E92-8B28-A7A2754CD8AA}.Release|Any CPU.Build.0 = Release|Any CPU
	EndGlobalSection
	GlobalSection(SolutionProperties) = preSolution
		HideSolutionNode = FALSE
	EndGlobalSection
	GlobalSection(ExtensibilityGlobals) = postSolution
		SolutionGuid = {960670F1-4284-45DF-9E70-224EDE983075}
	EndGlobalSection
EndGlobal
